
Microsoft Visual Studio Solution File, Format Version 12.00
# Visual Studio Version 17
VisualStudioVersion = 17.8.34322.80
MinimumVisualStudioVersion = 10.0.40219.1
Project("{9A19103F-16F7-4668-BE54-9A1E7A4F7556}") = "TravelLinker", "TravelLinker\TravelLinker.csproj", "{9E6A51DC-9580-42E4-98B1-712DD128D277}"
EndProject
Project("{9A19103F-16F7-4668-BE54-9A1E7A4F7556}") = "TravelLinkerDataAccess", "TravelLinkerDataAccess\TravelLinkerDataAccess.csproj", "{02100FED-1871-4E8B-B5E4-059486A97B13}"
EndProject
Project("{9A19103F-16F7-4668-BE54-9A1E7A4F7556}") = "TravelLinkerModels", "TravelLinkerModels\TravelLinkerModels.csproj", "{ED2DCAEE-7301-4F7E-9527-80F55BE7323D}"
EndProject
Global
	GlobalSection(SolutionConfigurationPlatforms) = preSolution
		Debug|Any CPU = Debug|Any CPU
		Release|Any CPU = Release|Any CPU
	EndGlobalSection
	GlobalSection(ProjectConfigurationPlatforms) = postSolution
		{9E6A51DC-9580-42E4-98B1-712DD128D277}.Debug|Any CPU.ActiveCfg = Debug|Any CPU
		{9E6A51DC-9580-42E4-98B1-712DD128D277}.Debug|Any CPU.Build.0 = Debug|Any CPU
		{9E6A51DC-9580-42E4-98B1-712DD128D277}.Release|Any CPU.ActiveCfg = Release|Any CPU
		{9E6A51DC-9580-42E4-98B1-712DD128D277}.Release|Any CPU.Build.0 = Release|Any CPU
		{02100FED-1871-4E8B-B5E4-059486A97B13}.Debug|Any CPU.ActiveCfg = Debug|Any CPU
		{02100FED-1871-4E8B-B5E4-059486A97B13}.Debug|Any CPU.Build.0 = Debug|Any CPU
		{02100FED-1871-4E8B-B5E4-059486A97B13}.Release|Any CPU.ActiveCfg = Release|Any CPU
		{02100FED-1871-4E8B-B5E4-059486A97B13}.Release|Any CPU.Build.0 = Release|Any CPU
		{ED2DCAEE-7301-4F7E-9527-80F55BE7323D}.Debug|Any CPU.ActiveCfg = Debug|Any CPU
		{ED2DCAEE-7301-4F7E-9527-80F55BE7323D}.Debug|Any CPU.Build.0 = Debug|Any CPU
		{ED2DCAEE-7301-4F7E-9527-80F55BE7323D}.Release|Any CPU.ActiveCfg = Release|Any CPU
		{ED2DCAEE-7301-4F7E-9527-80F55BE7323D}.Release|Any CPU.Build.0 = Release|Any CPU
	EndGlobalSection
	GlobalSection(SolutionProperties) = preSolution
		HideSolutionNode = FALSE
	EndGlobalSection
	GlobalSection(ExtensibilityGlobals) = postSolution
		SolutionGuid = {A83F5B4A-0FF3-401F-BB15-9FD98E8DC46F}
	EndGlobalSection
EndGlobal
